// !$*UTF8*$!
{
	archiveVersion = 1;
	classes = {
	};
	objectVersion = 46;
	objects = {

/* Begin PBXBuildFile section */
		E519AD1C1CCB786100164E6C /* Decked.framework in Frameworks */ = {isa = PBXBuildFile; fileRef = E519AD111CCB786000164E6C /* Decked.framework */; };
		E523CB681CCC3D1400331590 /* Decked.h in Headers */ = {isa = PBXBuildFile; fileRef = E523CB631CCC3D1400331590 /* Decked.h */; settings = {ATTRIBUTES = (Public, ); }; };
		E523CB6C1CCC3D1B00331590 /* DeckedTests.swift in Sources */ = {isa = PBXBuildFile; fileRef = E523CB661CCC3D1400331590 /* DeckedTests.swift */; };
		E58966BD1CCCA5EA0000EF72 /* AssociationHelpers.swift in Sources */ = {isa = PBXBuildFile; fileRef = E58966B21CCCA5EA0000EF72 /* AssociationHelpers.swift */; };
		E58966BE1CCCA5EA0000EF72 /* BannerDecoration.swift in Sources */ = {isa = PBXBuildFile; fileRef = E58966B31CCCA5EA0000EF72 /* BannerDecoration.swift */; };
		E58966BF1CCCA5EA0000EF72 /* Decorated.swift in Sources */ = {isa = PBXBuildFile; fileRef = E58966B41CCCA5EA0000EF72 /* Decorated.swift */; };
		E58966C01CCCA5EA0000EF72 /* Decoration.swift in Sources */ = {isa = PBXBuildFile; fileRef = E58966B51CCCA5EA0000EF72 /* Decoration.swift */; };
		E58966C11CCCA5EA0000EF72 /* DecorationAnimationManager.swift in Sources */ = {isa = PBXBuildFile; fileRef = E58966B61CCCA5EA0000EF72 /* DecorationAnimationManager.swift */; };
		E58966C21CCCA5EA0000EF72 /* DecorationManager.swift in Sources */ = {isa = PBXBuildFile; fileRef = E58966B71CCCA5EA0000EF72 /* DecorationManager.swift */; };
		E58966C31CCCA5EA0000EF72 /* LayoutNotificationView.swift in Sources */ = {isa = PBXBuildFile; fileRef = E58966B81CCCA5EA0000EF72 /* LayoutNotificationView.swift */; };
		E58966C41CCCA5EA0000EF72 /* ManagedDecoration.swift in Sources */ = {isa = PBXBuildFile; fileRef = E58966B91CCCA5EA0000EF72 /* ManagedDecoration.swift */; };
		E58966C51CCCA5EA0000EF72 /* UIScrollView+Decorated.swift in Sources */ = {isa = PBXBuildFile; fileRef = E58966BA1CCCA5EA0000EF72 /* UIScrollView+Decorated.swift */; };
		E58966C61CCCA5EA0000EF72 /* UIView+Decorated.swift in Sources */ = {isa = PBXBuildFile; fileRef = E58966BB1CCCA5EA0000EF72 /* UIView+Decorated.swift */; };
		E58966C71CCCA5EA0000EF72 /* UIView+Decoration.swift in Sources */ = {isa = PBXBuildFile; fileRef = E58966BC1CCCA5EA0000EF72 /* UIView+Decoration.swift */; };
		E5B9152A1CCD7C8000FEDF8E /* LayoutNotificationViewTests.swift in Sources */ = {isa = PBXBuildFile; fileRef = E5B915291CCD7C8000FEDF8E /* LayoutNotificationViewTests.swift */; };
		E5B9152D1CCDA58400FEDF8E /* DecoratedStateProvider.swift in Sources */ = {isa = PBXBuildFile; fileRef = E5B9152C1CCDA58400FEDF8E /* DecoratedStateProvider.swift */; };
		E5B915331CCDA6DB00FEDF8E /* UIViewController+DecoratedStateProvider.swift in Sources */ = {isa = PBXBuildFile; fileRef = E5B915321CCDA6DB00FEDF8E /* UIViewController+DecoratedStateProvider.swift */; };
/* End PBXBuildFile section */

/* Begin PBXContainerItemProxy section */
		E519AD1D1CCB786100164E6C /* PBXContainerItemProxy */ = {
			isa = PBXContainerItemProxy;
			containerPortal = E519AD081CCB786000164E6C /* Project object */;
			proxyType = 1;
			remoteGlobalIDString = E519AD101CCB786000164E6C;
			remoteInfo = Decked;
		};
/* End PBXContainerItemProxy section */

/* Begin PBXFileReference section */
		E519AD111CCB786000164E6C /* Decked.framework */ = {isa = PBXFileReference; explicitFileType = wrapper.framework; includeInIndex = 0; path = Decked.framework; sourceTree = BUILT_PRODUCTS_DIR; };
		E519AD1B1CCB786100164E6C /* DeckedTests.xctest */ = {isa = PBXFileReference; explicitFileType = wrapper.cfbundle; includeInIndex = 0; path = DeckedTests.xctest; sourceTree = BUILT_PRODUCTS_DIR; };
		E523CB631CCC3D1400331590 /* Decked.h */ = {isa = PBXFileReference; fileEncoding = 4; lastKnownFileType = sourcecode.c.h; path = Decked.h; sourceTree = "<group>"; };
		E523CB641CCC3D1400331590 /* Info.plist */ = {isa = PBXFileReference; fileEncoding = 4; lastKnownFileType = text.plist.xml; path = Info.plist; sourceTree = "<group>"; };
		E523CB661CCC3D1400331590 /* DeckedTests.swift */ = {isa = PBXFileReference; fileEncoding = 4; lastKnownFileType = sourcecode.swift; path = DeckedTests.swift; sourceTree = "<group>"; };
		E523CB671CCC3D1400331590 /* Info.plist */ = {isa = PBXFileReference; fileEncoding = 4; lastKnownFileType = text.plist.xml; path = Info.plist; sourceTree = "<group>"; };
		E58966B21CCCA5EA0000EF72 /* AssociationHelpers.swift */ = {isa = PBXFileReference; fileEncoding = 4; lastKnownFileType = sourcecode.swift; path = AssociationHelpers.swift; sourceTree = "<group>"; };
		E58966B31CCCA5EA0000EF72 /* BannerDecoration.swift */ = {isa = PBXFileReference; fileEncoding = 4; lastKnownFileType = sourcecode.swift; path = BannerDecoration.swift; sourceTree = "<group>"; };
		E58966B41CCCA5EA0000EF72 /* Decorated.swift */ = {isa = PBXFileReference; fileEncoding = 4; lastKnownFileType = sourcecode.swift; path = Decorated.swift; sourceTree = "<group>"; };
		E58966B51CCCA5EA0000EF72 /* Decoration.swift */ = {isa = PBXFileReference; fileEncoding = 4; lastKnownFileType = sourcecode.swift; path = Decoration.swift; sourceTree = "<group>"; };
		E58966B61CCCA5EA0000EF72 /* DecorationAnimationManager.swift */ = {isa = PBXFileReference; fileEncoding = 4; lastKnownFileType = sourcecode.swift; path = DecorationAnimationManager.swift; sourceTree = "<group>"; };
		E58966B71CCCA5EA0000EF72 /* DecorationManager.swift */ = {isa = PBXFileReference; fileEncoding = 4; lastKnownFileType = sourcecode.swift; path = DecorationManager.swift; sourceTree = "<group>"; };
		E58966B81CCCA5EA0000EF72 /* LayoutNotificationView.swift */ = {isa = PBXFileReference; fileEncoding = 4; lastKnownFileType = sourcecode.swift; path = LayoutNotificationView.swift; sourceTree = "<group>"; };
		E58966B91CCCA5EA0000EF72 /* ManagedDecoration.swift */ = {isa = PBXFileReference; fileEncoding = 4; lastKnownFileType = sourcecode.swift; path = ManagedDecoration.swift; sourceTree = "<group>"; };
		E58966BA1CCCA5EA0000EF72 /* UIScrollView+Decorated.swift */ = {isa = PBXFileReference; fileEncoding = 4; lastKnownFileType = sourcecode.swift; path = "UIScrollView+Decorated.swift"; sourceTree = "<group>"; };
		E58966BB1CCCA5EA0000EF72 /* UIView+Decorated.swift */ = {isa = PBXFileReference; fileEncoding = 4; lastKnownFileType = sourcecode.swift; path = "UIView+Decorated.swift"; sourceTree = "<group>"; };
		E58966BC1CCCA5EA0000EF72 /* UIView+Decoration.swift */ = {isa = PBXFileReference; fileEncoding = 4; lastKnownFileType = sourcecode.swift; path = "UIView+Decoration.swift"; sourceTree = "<group>"; };
		E5B915291CCD7C8000FEDF8E /* LayoutNotificationViewTests.swift */ = {isa = PBXFileReference; fileEncoding = 4; lastKnownFileType = sourcecode.swift; path = LayoutNotificationViewTests.swift; sourceTree = "<group>"; };
		E5B9152C1CCDA58400FEDF8E /* DecoratedStateProvider.swift */ = {isa = PBXFileReference; fileEncoding = 4; lastKnownFileType = sourcecode.swift; path = DecoratedStateProvider.swift; sourceTree = "<group>"; };
		E5B915321CCDA6DB00FEDF8E /* UIViewController+DecoratedStateProvider.swift */ = {isa = PBXFileReference; fileEncoding = 4; lastKnownFileType = sourcecode.swift; path = "UIViewController+DecoratedStateProvider.swift"; sourceTree = "<group>"; };
/* End PBXFileReference section */

/* Begin PBXFrameworksBuildPhase section */
		E519AD0D1CCB786000164E6C /* Frameworks */ = {
			isa = PBXFrameworksBuildPhase;
			buildActionMask = 2147483647;
			files = (
			);
			runOnlyForDeploymentPostprocessing = 0;
		};
		E519AD181CCB786100164E6C /* Frameworks */ = {
			isa = PBXFrameworksBuildPhase;
			buildActionMask = 2147483647;
			files = (
				E519AD1C1CCB786100164E6C /* Decked.framework in Frameworks */,
			);
			runOnlyForDeploymentPostprocessing = 0;
		};
/* End PBXFrameworksBuildPhase section */

/* Begin PBXGroup section */
		E519AD071CCB786000164E6C = {
			isa = PBXGroup;
			children = (
				E523CB621CCC3D1400331590 /* Source */,
				E523CB651CCC3D1400331590 /* Tests */,
				E519AD121CCB786000164E6C /* Products */,
			);
			sourceTree = "<group>";
		};
		E519AD121CCB786000164E6C /* Products */ = {
			isa = PBXGroup;
			children = (
				E519AD111CCB786000164E6C /* Decked.framework */,
				E519AD1B1CCB786100164E6C /* DeckedTests.xctest */,
			);
			name = Products;
			sourceTree = "<group>";
		};
		E523CB621CCC3D1400331590 /* Source */ = {
			isa = PBXGroup;
			children = (
				E523CB631CCC3D1400331590 /* Decked.h */,
				E5B9152E1CCDA58F00FEDF8E /* Decoration */,
				E5B9152F1CCDA59500FEDF8E /* Decorated */,
				E5B915301CCDA5C500FEDF8E /* State Provider */,
				E5B915311CCDA5D500FEDF8E /* Helpers */,
				E523CB641CCC3D1400331590 /* Info.plist */,
			);
			path = Source;
			sourceTree = "<group>";
		};
		E523CB651CCC3D1400331590 /* Tests */ = {
			isa = PBXGroup;
			children = (
				E523CB661CCC3D1400331590 /* DeckedTests.swift */,
				E523CB671CCC3D1400331590 /* Info.plist */,
				E5B915291CCD7C8000FEDF8E /* LayoutNotificationViewTests.swift */,
			);
			path = Tests;
			sourceTree = "<group>";
		};
		E5B9152E1CCDA58F00FEDF8E /* Decoration */ = {
			isa = PBXGroup;
			children = (
				E58966B51CCCA5EA0000EF72 /* Decoration.swift */,
				E58966B91CCCA5EA0000EF72 /* ManagedDecoration.swift */,
				E58966B71CCCA5EA0000EF72 /* DecorationManager.swift */,
				E58966BC1CCCA5EA0000EF72 /* UIView+Decoration.swift */,
				E58966B31CCCA5EA0000EF72 /* BannerDecoration.swift */,
				E58966B61CCCA5EA0000EF72 /* DecorationAnimationManager.swift */,
			);
			name = Decoration;
			sourceTree = "<group>";
		};
		E5B9152F1CCDA59500FEDF8E /* Decorated */ = {
			isa = PBXGroup;
			children = (
				E58966B41CCCA5EA0000EF72 /* Decorated.swift */,
				E58966BB1CCCA5EA0000EF72 /* UIView+Decorated.swift */,
				E58966BA1CCCA5EA0000EF72 /* UIScrollView+Decorated.swift */,
			);
			name = Decorated;
			sourceTree = "<group>";
		};
		E5B915301CCDA5C500FEDF8E /* State Provider */ = {
			isa = PBXGroup;
			children = (
				E5B9152C1CCDA58400FEDF8E /* DecoratedStateProvider.swift */,
				E5B915321CCDA6DB00FEDF8E /* UIViewController+DecoratedStateProvider.swift */,
			);
			name = "State Provider";
			sourceTree = "<group>";
		};
		E5B915311CCDA5D500FEDF8E /* Helpers */ = {
			isa = PBXGroup;
			children = (
				E58966B21CCCA5EA0000EF72 /* AssociationHelpers.swift */,
				E58966B81CCCA5EA0000EF72 /* LayoutNotificationView.swift */,
			);
			name = Helpers;
			sourceTree = "<group>";
		};
/* End PBXGroup section */

/* Begin PBXHeadersBuildPhase section */
		E519AD0E1CCB786000164E6C /* Headers */ = {
			isa = PBXHeadersBuildPhase;
			buildActionMask = 2147483647;
			files = (
				E523CB681CCC3D1400331590 /* Decked.h in Headers */,
			);
			runOnlyForDeploymentPostprocessing = 0;
		};
/* End PBXHeadersBuildPhase section */

/* Begin PBXNativeTarget section */
		E519AD101CCB786000164E6C /* Decked */ = {
			isa = PBXNativeTarget;
			buildConfigurationList = E519AD251CCB786100164E6C /* Build configuration list for PBXNativeTarget "Decked" */;
			buildPhases = (
				E519AD0C1CCB786000164E6C /* Sources */,
				E519AD0D1CCB786000164E6C /* Frameworks */,
				E519AD0E1CCB786000164E6C /* Headers */,
				E519AD0F1CCB786000164E6C /* Resources */,
			);
			buildRules = (
			);
			dependencies = (
			);
			name = Decked;
			productName = Decked;
			productReference = E519AD111CCB786000164E6C /* Decked.framework */;
			productType = "com.apple.product-type.framework";
		};
		E519AD1A1CCB786100164E6C /* DeckedTests */ = {
			isa = PBXNativeTarget;
			buildConfigurationList = E519AD281CCB786100164E6C /* Build configuration list for PBXNativeTarget "DeckedTests" */;
			buildPhases = (
				E519AD171CCB786100164E6C /* Sources */,
				E519AD181CCB786100164E6C /* Frameworks */,
				E519AD191CCB786100164E6C /* Resources */,
			);
			buildRules = (
			);
			dependencies = (
				E519AD1E1CCB786100164E6C /* PBXTargetDependency */,
			);
			name = DeckedTests;
			productName = DeckedTests;
			productReference = E519AD1B1CCB786100164E6C /* DeckedTests.xctest */;
			productType = "com.apple.product-type.bundle.unit-test";
		};
/* End PBXNativeTarget section */

/* Begin PBXProject section */
		E519AD081CCB786000164E6C /* Project object */ = {
			isa = PBXProject;
			attributes = {
				LastSwiftUpdateCheck = 0730;
				LastUpgradeCheck = 0730;
				ORGANIZATIONNAME = decked;
				TargetAttributes = {
					E519AD101CCB786000164E6C = {
						CreatedOnToolsVersion = 7.3;
					};
					E519AD1A1CCB786100164E6C = {
						CreatedOnToolsVersion = 7.3;
					};
				};
			};
			buildConfigurationList = E519AD0B1CCB786000164E6C /* Build configuration list for PBXProject "Decked" */;
			compatibilityVersion = "Xcode 3.2";
			developmentRegion = English;
			hasScannedForEncodings = 0;
			knownRegions = (
				en,
			);
			mainGroup = E519AD071CCB786000164E6C;
			productRefGroup = E519AD121CCB786000164E6C /* Products */;
			projectDirPath = "";
			projectRoot = "";
			targets = (
				E519AD101CCB786000164E6C /* Decked */,
				E519AD1A1CCB786100164E6C /* DeckedTests */,
			);
		};
/* End PBXProject section */

/* Begin PBXResourcesBuildPhase section */
		E519AD0F1CCB786000164E6C /* Resources */ = {
			isa = PBXResourcesBuildPhase;
			buildActionMask = 2147483647;
			files = (
			);
			runOnlyForDeploymentPostprocessing = 0;
		};
		E519AD191CCB786100164E6C /* Resources */ = {
			isa = PBXResourcesBuildPhase;
			buildActionMask = 2147483647;
			files = (
			);
			runOnlyForDeploymentPostprocessing = 0;
		};
/* End PBXResourcesBuildPhase section */

/* Begin PBXSourcesBuildPhase section */
		E519AD0C1CCB786000164E6C /* Sources */ = {
			isa = PBXSourcesBuildPhase;
			buildActionMask = 2147483647;
			files = (
				E58966BD1CCCA5EA0000EF72 /* AssociationHelpers.swift in Sources */,
				E58966C11CCCA5EA0000EF72 /* DecorationAnimationManager.swift in Sources */,
				E58966C31CCCA5EA0000EF72 /* LayoutNotificationView.swift in Sources */,
				E58966C71CCCA5EA0000EF72 /* UIView+Decoration.swift in Sources */,
				E58966BE1CCCA5EA0000EF72 /* BannerDecoration.swift in Sources */,
				E58966BF1CCCA5EA0000EF72 /* Decorated.swift in Sources */,
				E58966C51CCCA5EA0000EF72 /* UIScrollView+Decorated.swift in Sources */,
				E58966C01CCCA5EA0000EF72 /* Decoration.swift in Sources */,
				E58966C21CCCA5EA0000EF72 /* DecorationManager.swift in Sources */,
				E58966C61CCCA5EA0000EF72 /* UIView+Decorated.swift in Sources */,
				E5B9152D1CCDA58400FEDF8E /* DecoratedStateProvider.swift in Sources */,
				E5B915331CCDA6DB00FEDF8E /* UIViewController+DecoratedStateProvider.swift in Sources */,
				E58966C41CCCA5EA0000EF72 /* ManagedDecoration.swift in Sources */,
			);
			runOnlyForDeploymentPostprocessing = 0;
		};
		E519AD171CCB786100164E6C /* Sources */ = {
			isa = PBXSourcesBuildPhase;
			buildActionMask = 2147483647;
			files = (
				E5B9152A1CCD7C8000FEDF8E /* LayoutNotificationViewTests.swift in Sources */,
				E523CB6C1CCC3D1B00331590 /* DeckedTests.swift in Sources */,
			);
			runOnlyForDeploymentPostprocessing = 0;
		};
/* End PBXSourcesBuildPhase section */

/* Begin PBXTargetDependency section */
		E519AD1E1CCB786100164E6C /* PBXTargetDependency */ = {
			isa = PBXTargetDependency;
			target = E519AD101CCB786000164E6C /* Decked */;
			targetProxy = E519AD1D1CCB786100164E6C /* PBXContainerItemProxy */;
		};
/* End PBXTargetDependency section */

/* Begin XCBuildConfiguration section */
		E519AD231CCB786100164E6C /* Debug */ = {
			isa = XCBuildConfiguration;
			buildSettings = {
				ALWAYS_SEARCH_USER_PATHS = NO;
				CLANG_ANALYZER_NONNULL = YES;
				CLANG_CXX_LANGUAGE_STANDARD = "gnu++0x";
				CLANG_CXX_LIBRARY = "libc++";
				CLANG_ENABLE_MODULES = YES;
				CLANG_ENABLE_OBJC_ARC = YES;
				CLANG_WARN_BOOL_CONVERSION = YES;
				CLANG_WARN_CONSTANT_CONVERSION = YES;
				CLANG_WARN_DIRECT_OBJC_ISA_USAGE = YES_ERROR;
				CLANG_WARN_EMPTY_BODY = YES;
				CLANG_WARN_ENUM_CONVERSION = YES;
				CLANG_WARN_INT_CONVERSION = YES;
				CLANG_WARN_OBJC_ROOT_CLASS = YES_ERROR;
				CLANG_WARN_UNREACHABLE_CODE = YES;
				CLANG_WARN__DUPLICATE_METHOD_MATCH = YES;
				"CODE_SIGN_IDENTITY[sdk=iphoneos*]" = "iPhone Developer";
				COPY_PHASE_STRIP = NO;
				CURRENT_PROJECT_VERSION = 1;
				DEBUG_INFORMATION_FORMAT = dwarf;
				ENABLE_STRICT_OBJC_MSGSEND = YES;
				ENABLE_TESTABILITY = YES;
				GCC_C_LANGUAGE_STANDARD = gnu99;
				GCC_DYNAMIC_NO_PIC = NO;
				GCC_NO_COMMON_BLOCKS = YES;
				GCC_OPTIMIZATION_LEVEL = 0;
				GCC_PREPROCESSOR_DEFINITIONS = (
					"DEBUG=1",
					"$(inherited)",
				);
				GCC_WARN_64_TO_32_BIT_CONVERSION = YES;
				GCC_WARN_ABOUT_RETURN_TYPE = YES_ERROR;
				GCC_WARN_UNDECLARED_SELECTOR = YES;
				GCC_WARN_UNINITIALIZED_AUTOS = YES_AGGRESSIVE;
				GCC_WARN_UNUSED_FUNCTION = YES;
				GCC_WARN_UNUSED_VARIABLE = YES;
				HEADER_SEARCH_PATHS = "";
				IPHONEOS_DEPLOYMENT_TARGET = 9.3;
				MTL_ENABLE_DEBUG_INFO = YES;
				ONLY_ACTIVE_ARCH = YES;
				SDKROOT = iphoneos;
				SWIFT_OPTIMIZATION_LEVEL = "-Onone";
				TARGETED_DEVICE_FAMILY = "1,2";
				VERSIONING_SYSTEM = "apple-generic";
				VERSION_INFO_PREFIX = "";
			};
			name = Debug;
		};
		E519AD241CCB786100164E6C /* Release */ = {
			isa = XCBuildConfiguration;
			buildSettings = {
				ALWAYS_SEARCH_USER_PATHS = NO;
				CLANG_ANALYZER_NONNULL = YES;
				CLANG_CXX_LANGUAGE_STANDARD = "gnu++0x";
				CLANG_CXX_LIBRARY = "libc++";
				CLANG_ENABLE_MODULES = YES;
				CLANG_ENABLE_OBJC_ARC = YES;
				CLANG_WARN_BOOL_CONVERSION = YES;
				CLANG_WARN_CONSTANT_CONVERSION = YES;
				CLANG_WARN_DIRECT_OBJC_ISA_USAGE = YES_ERROR;
				CLANG_WARN_EMPTY_BODY = YES;
				CLANG_WARN_ENUM_CONVERSION = YES;
				CLANG_WARN_INT_CONVERSION = YES;
				CLANG_WARN_OBJC_ROOT_CLASS = YES_ERROR;
				CLANG_WARN_UNREACHABLE_CODE = YES;
				CLANG_WARN__DUPLICATE_METHOD_MATCH = YES;
				"CODE_SIGN_IDENTITY[sdk=iphoneos*]" = "iPhone Developer";
				COPY_PHASE_STRIP = NO;
				CURRENT_PROJECT_VERSION = 1;
				DEBUG_INFORMATION_FORMAT = "dwarf-with-dsym";
				ENABLE_NS_ASSERTIONS = NO;
				ENABLE_STRICT_OBJC_MSGSEND = YES;
				GCC_C_LANGUAGE_STANDARD = gnu99;
				GCC_NO_COMMON_BLOCKS = YES;
				GCC_WARN_64_TO_32_BIT_CONVERSION = YES;
				GCC_WARN_ABOUT_RETURN_TYPE = YES_ERROR;
				GCC_WARN_UNDECLARED_SELECTOR = YES;
				GCC_WARN_UNINITIALIZED_AUTOS = YES_AGGRESSIVE;
				GCC_WARN_UNUSED_FUNCTION = YES;
				GCC_WARN_UNUSED_VARIABLE = YES;
				HEADER_SEARCH_PATHS = "";
				IPHONEOS_DEPLOYMENT_TARGET = 9.3;
				MTL_ENABLE_DEBUG_INFO = NO;
				SDKROOT = iphoneos;
				TARGETED_DEVICE_FAMILY = "1,2";
				VALIDATE_PRODUCT = YES;
				VERSIONING_SYSTEM = "apple-generic";
				VERSION_INFO_PREFIX = "";
			};
			name = Release;
		};
		E519AD261CCB786100164E6C /* Debug */ = {
			isa = XCBuildConfiguration;
			buildSettings = {
				CLANG_ENABLE_MODULES = YES;
				DEFINES_MODULE = YES;
				DYLIB_COMPATIBILITY_VERSION = 1;
				DYLIB_CURRENT_VERSION = 1;
				DYLIB_INSTALL_NAME_BASE = "@rpath";
				HEADER_SEARCH_PATHS = "";
				INFOPLIST_FILE = Source/Info.plist;
				INSTALL_PATH = "$(LOCAL_LIBRARY_DIR)/Frameworks";
				LD_RUNPATH_SEARCH_PATHS = "$(inherited) @executable_path/Frameworks @loader_path/Frameworks";
				PRODUCT_BUNDLE_IDENTIFIER = com.decked.Decked;
				PRODUCT_NAME = "$(TARGET_NAME)";
				SKIP_INSTALL = YES;
				SWIFT_OPTIMIZATION_LEVEL = "-Onone";
			};
			name = Debug;
		};
		E519AD271CCB786100164E6C /* Release */ = {
			isa = XCBuildConfiguration;
			buildSettings = {
				CLANG_ENABLE_MODULES = YES;
				DEFINES_MODULE = YES;
				DYLIB_COMPATIBILITY_VERSION = 1;
				DYLIB_CURRENT_VERSION = 1;
				DYLIB_INSTALL_NAME_BASE = "@rpath";
				ENABLE_TESTABILITY = NO;
				HEADER_SEARCH_PATHS = "";
				INFOPLIST_FILE = Source/Info.plist;
				INSTALL_PATH = "$(LOCAL_LIBRARY_DIR)/Frameworks";
				LD_RUNPATH_SEARCH_PATHS = "$(inherited) @executable_path/Frameworks @loader_path/Frameworks";
				PRODUCT_BUNDLE_IDENTIFIER = com.decked.Decked;
				PRODUCT_NAME = "$(TARGET_NAME)";
				SKIP_INSTALL = YES;
			};
			name = Release;
		};
		E519AD291CCB786100164E6C /* Debug */ = {
			isa = XCBuildConfiguration;
			buildSettings = {
				INFOPLIST_FILE = Tests/Info.plist;
				LD_RUNPATH_SEARCH_PATHS = "$(inherited) @executable_path/Frameworks @loader_path/Frameworks";
				PRODUCT_BUNDLE_IDENTIFIER = com.decked.DeckedTests;
				PRODUCT_NAME = "$(TARGET_NAME)";
			};
			name = Debug;
		};
		E519AD2A1CCB786100164E6C /* Release */ = {
			isa = XCBuildConfiguration;
			buildSettings = {
				INFOPLIST_FILE = Tests/Info.plist;
				LD_RUNPATH_SEARCH_PATHS = "$(inherited) @executable_path/Frameworks @loader_path/Frameworks";
				PRODUCT_BUNDLE_IDENTIFIER = com.decked.DeckedTests;
				PRODUCT_NAME = "$(TARGET_NAME)";
			};
			name = Release;
		};
/* End XCBuildConfiguration section */

/* Begin XCConfigurationList section */
		E519AD0B1CCB786000164E6C /* Build configuration list for PBXProject "Decked" */ = {
			isa = XCConfigurationList;
			buildConfigurations = (
				E519AD231CCB786100164E6C /* Debug */,
				E519AD241CCB786100164E6C /* Release */,
			);
			defaultConfigurationIsVisible = 0;
			defaultConfigurationName = Release;
		};
		E519AD251CCB786100164E6C /* Build configuration list for PBXNativeTarget "Decked" */ = {
			isa = XCConfigurationList;
			buildConfigurations = (
				E519AD261CCB786100164E6C /* Debug */,
				E519AD271CCB786100164E6C /* Release */,
			);
			defaultConfigurationIsVisible = 0;
			defaultConfigurationName = Release;
		};
		E519AD281CCB786100164E6C /* Build configuration list for PBXNativeTarget "DeckedTests" */ = {
			isa = XCConfigurationList;
			buildConfigurations = (
				E519AD291CCB786100164E6C /* Debug */,
				E519AD2A1CCB786100164E6C /* Release */,
			);
			defaultConfigurationIsVisible = 0;
			defaultConfigurationName = Release;
		};
/* End XCConfigurationList section */
	};
	rootObject = E519AD081CCB786000164E6C /* Project object */;
}
